
Microsoft Visual Studio Solution File, Format Version 12.00
Project("{FAE04EC0-301F-11D3-BF4B-00C04F79EFBC}") = "JeBalance.Domain", "JeBalance.Domain\JeBalance.Domain.csproj", "{DF99825D-607B-42EB-8C7E-CC6311617E14}"
EndProject
Project("{FAE04EC0-301F-11D3-BF4B-00C04F79EFBC}") = "JeBalance.Domain.Tests", "JeBalance.Domain.Tests\JeBalance.Domain.Tests.csproj", "{FFD7041A-F9A4-405E-A6B5-8CE13B792D06}"
EndProject
Project("{FAE04EC0-301F-11D3-BF4B-00C04F79EFBC}") = "JeBalance.API.Publique", "JeBalance.API.Publique\JeBalance.API.Publique.csproj", "{34BC23AD-D935-46AA-B24A-F079A6617566}"
EndProject
Global
	GlobalSection(SolutionConfigurationPlatforms) = preSolution
		Debug|Any CPU = Debug|Any CPU
		Release|Any CPU = Release|Any CPU
	EndGlobalSection
	GlobalSection(ProjectConfigurationPlatforms) = postSolution
		{DF99825D-607B-42EB-8C7E-CC6311617E14}.Debug|Any CPU.ActiveCfg = Debug|Any CPU
		{DF99825D-607B-42EB-8C7E-CC6311617E14}.Debug|Any CPU.Build.0 = Debug|Any CPU
		{DF99825D-607B-42EB-8C7E-CC6311617E14}.Release|Any CPU.ActiveCfg = Release|Any CPU
		{DF99825D-607B-42EB-8C7E-CC6311617E14}.Release|Any CPU.Build.0 = Release|Any CPU
		{FFD7041A-F9A4-405E-A6B5-8CE13B792D06}.Debug|Any CPU.ActiveCfg = Debug|Any CPU
		{FFD7041A-F9A4-405E-A6B5-8CE13B792D06}.Debug|Any CPU.Build.0 = Debug|Any CPU
		{FFD7041A-F9A4-405E-A6B5-8CE13B792D06}.Release|Any CPU.ActiveCfg = Release|Any CPU
		{FFD7041A-F9A4-405E-A6B5-8CE13B792D06}.Release|Any CPU.Build.0 = Release|Any CPU
		{34BC23AD-D935-46AA-B24A-F079A6617566}.Debug|Any CPU.ActiveCfg = Debug|Any CPU
		{34BC23AD-D935-46AA-B24A-F079A6617566}.Debug|Any CPU.Build.0 = Debug|Any CPU
		{34BC23AD-D935-46AA-B24A-F079A6617566}.Release|Any CPU.ActiveCfg = Release|Any CPU
		{34BC23AD-D935-46AA-B24A-F079A6617566}.Release|Any CPU.Build.0 = Release|Any CPU
	EndGlobalSection
EndGlobal
